
Microsoft Visual Studio Solution File, Format Version 12.00
# Visual Studio Version 17
VisualStudioVersion = 17.2.32630.192
MinimumVisualStudioVersion = 10.0.40219.1
Project("{FAE04EC0-301F-11D3-BF4B-00C04F79EFBC}") = "Base64DecodeEncoder", "Base64DecodeEncoder.csproj", "{C1D5E15A-43C3-413C-9ACD-71BE39DD1773}"
EndProject
Global
	GlobalSection(SolutionConfigurationPlatforms) = preSolution
		Debug|Any CPU = Debug|Any CPU
		Release|Any CPU = Release|Any CPU
	EndGlobalSection
	GlobalSection(ProjectConfigurationPlatforms) = postSolution
		{C1D5E15A-43C3-413C-9ACD-71BE39DD1773}.Debug|Any CPU.ActiveCfg = Debug|Any CPU
		{C1D5E15A-43C3-413C-9ACD-71BE39DD1773}.Debug|Any CPU.Build.0 = Debug|Any CPU
		{C1D5E15A-43C3-413C-9ACD-71BE39DD1773}.Release|Any CPU.ActiveCfg = Release|Any CPU
		{C1D5E15A-43C3-413C-9ACD-71BE39DD1773}.Release|Any CPU.Build.0 = Release|Any CPU
	EndGlobalSection
	GlobalSection(SolutionProperties) = preSolution
		HideSolutionNode = FALSE
	EndGlobalSection
	GlobalSection(ExtensibilityGlobals) = postSolution
		SolutionGuid = {50732F1E-058A-44C1-849D-594B6FF7E188}
	EndGlobalSection
EndGlobal
